# THIS IS AN AUTOGENERATED FILE. DO NOT EDIT THIS FILE DIRECTLY.
# yarn lockfile v1


"@js-joda/core@3.2.0":
  version "3.2.0"
  resolved "https://registry.yarnpkg.com/@js-joda/core/-/core-3.2.0.tgz#3e61e21b7b2b8a6be746df1335cf91d70db2a273"
  integrity sha512-PMqgJ0sw5B7FKb2d5bWYIoxjri+QlW/Pys7+Rw82jSH0QN3rB05jZ/VrrsUdh1w4+i2kw9JOejXGq/KhDOX7Kg==

"@lit-labs/ssr-dom-shim@^1.5.0":
  version "1.6.0"
  resolved "https://registry.yarnpkg.com/@lit-labs/ssr-dom-shim/-/ssr-dom-shim-1.6.0.tgz#693e129b809741fd23e98fcb57e41fd3d082db1a"
  integrity sha512-VHb0ALPMTlgKjM6yIxxoQNnpKyUKLD04VzeQdsiXkMqkvYlAHxq9glGLmgbb889/1GsohSOAjvQYoiBppXFqrQ==

"@lit/context@^1.1.6":
  version "1.1.6"
  resolved "https://registry.yarnpkg.com/@lit/context/-/context-1.1.6.tgz#ae67126bab4cabda65374a3286e4168f07bc31e6"
  integrity sha512-M26qDE6UkQbZA2mQ3RjJ3Gzd8TxP+/0obMgE5HfkfLhEEyYE3Bui4A5XHiGPjy0MUGAyxB3QgVuw2ciS0kHn6A==
  dependencies:
    "@lit/reactive-element" "^1.6.2 || ^2.1.0"

"@lit/reactive-element@^1.6.2 || ^2.1.0", "@lit/reactive-element@^2.1.0":
  version "2.1.2"
  resolved "https://registry.yarnpkg.com/@lit/reactive-element/-/reactive-element-2.1.2.tgz#4c6af9042603c98e61ba90b294607904d51b61cb"
  integrity sha512-pbCDiVMnne1lYUIaYNN5wrwQXDtHaYtg7YEFPeW+hws6U47WeFvISGUWekPGKWOP1ygrs0ef0o1VJMk1exos5A==
  dependencies:
    "@lit-labs/ssr-dom-shim" "^1.5.0"

"@material/web@^2.2.0", "@material/web@^2.4.1":
  version "2.5.0"
  resolved "https://registry.yarnpkg.com/@material/web/-/web-2.5.0.tgz#14ad6bc1c872e1db3538fd01ee080e6b9952a40b"
  integrity sha512-x2Uovyq8E/Zc1xHXd9s1eBMXF5pMHVAt70pISKd0fL3Ajj4L6zQaQUY/awcfR2RDAMKXC7i4+vr0arv1YaOR/g==
  dependencies:
    "@lit/context" "^1.1.6"
    lit "^2.8.0 || ^3.0.0"
    tslib "^2.4.0"

"@types/trusted-types@^2.0.2":
  version "2.0.7"
  resolved "https://registry.yarnpkg.com/@types/trusted-types/-/trusted-types-2.0.7.tgz#baccb07a970b91707df3a3e8ba6896c57ead2d11"
  integrity sha512-ScaPdn1dQczgbl0QFTeTOmVHFULt394XJgOQNoyVhZ6r2vLnMLJfBPd53SB52T/3G36VI1/g2MZaX0cwDuXsfw==

atob-lite@^2.0.0:
  version "2.0.0"
  resolved "https://registry.yarnpkg.com/atob-lite/-/atob-lite-2.0.0.tgz#0fef5ad46f1bd7a8502c65727f0367d5ee43d696"
  integrity sha512-LEeSAWeh2Gfa2FtlQE1shxQ8zi5F9GHarrGKz08TMdODD5T4eH6BMsvtnhbWZ+XQn+Gb6om/917ucvRu7l7ukw==

esp-web-tools@10.2.1:
  version "10.2.1"
  resolved "https://registry.yarnpkg.com/esp-web-tools/-/esp-web-tools-10.2.1.tgz#b1e8fe6d5cb8f5b44e8746bb58e5059643926ac2"
  integrity sha512-BMIAANw06yGx4rgTPshV8OdMcnFpPuwv6AWPaKJZS2UiwdkW3TV5AgLGpa6rw+8dPuGnoKtSshyFCz02FRGsUQ==
  dependencies:
    "@material/web" "^2.2.0"
    esptool-js "^0.5.7"
    improv-wifi-serial-sdk "^2.5.0"
    lit "^3.2.1"
    pako "^2.1.0"
    tslib "^2.8.1"

esptool-js@^0.5.7:
  version "0.5.7"
  resolved "https://registry.yarnpkg.com/esptool-js/-/esptool-js-0.5.7.tgz#736a5eb11d9d12e3e5e2807021000c9ba8de7b14"
  integrity sha512-k3pkXU9OTySCd58OUDjuJWNnFjM+QpPWAghxyWPm3zNfaLiP4ex2jNd7Rj0jWPu3/fgvwau236tetsTZrh4x5g==
  dependencies:
    atob-lite "^2.0.0"
    pako "^2.1.0"
    tslib "^2.4.1"

improv-wifi-serial-sdk@^2.5.0:
  version "2.8.1"
  resolved "https://registry.yarnpkg.com/improv-wifi-serial-sdk/-/improv-wifi-serial-sdk-2.8.1.tgz#2814ce7c58f52a0e7c514ea84bbb4d8052ff5881"
  integrity sha512-KU2D7bNbdUDUX0JK2nQGTGTuxJNH+loXyMR6DXBIzAh4/2dwiR2cxK0igvl+dLWjf4wRv43iUn/eQuUClw5V3g==
  dependencies:
    "@material/web" "^2.4.1"
    tslib "^2.8.1"

lit-element@^4.2.0:
  version "4.2.2"
  resolved "https://registry.yarnpkg.com/lit-element/-/lit-element-4.2.2.tgz#f74fcbfbea945eae5614ece22a674fa52ca3365b"
  integrity sha512-aFKhNToWxoyhkNDmWZwEva2SlQia+jfG0fjIWV//YeTaWrVnOxD89dPKfigCUspXFmjzOEUQpOkejH5Ly6sG0w==
  dependencies:
    "@lit-labs/ssr-dom-shim" "^1.5.0"
    "@lit/reactive-element" "^2.1.0"
    lit-html "^3.3.0"

lit-html@^3.3.0:
  version "3.3.3"
  resolved "https://registry.yarnpkg.com/lit-html/-/lit-html-3.3.3.tgz#a63fd02fb8c1c7b7057ee805ab6c612fdebef0b1"
  integrity sha512-el8M6jK2o3RXBnrSHX3ZKrsN8zEV63pSExTO1wYJz7QndGYZ8353e2a5PPX+qHe2aGayfnchQmkAojaWAREOIA==
  dependencies:
    "@types/trusted-types" "^2.0.2"

"lit@^2.8.0 || ^3.0.0", lit@^3.2.1:
  version "3.3.3"
  resolved "https://registry.yarnpkg.com/lit/-/lit-3.3.3.tgz#93579885e51a20a772c68482a34706fe1636e8f0"
  integrity sha512-fycuvZg/hkpozL00lm1pEJH5nN/lr9ZXd6mJI2HSN4+Bzc+LDNdEApJ6HFbPkdFNHLvOplIIuJvxkS4XUxqirw==
  dependencies:
    "@lit/reactive-element" "^2.1.0"
    lit-element "^4.2.0"
    lit-html "^3.3.0"

pako@^2.1.0:
  version "2.2.0"
  resolved "https://registry.yarnpkg.com/pako/-/pako-2.2.0.tgz#246b9d4c841a8d308e484c0d03786651b143e63a"
  integrity sha512-zJq6RP/5q+TO2OpFV3FHzlPnFjmkb7Nc99a5SNjJE+uu/PkpChs+NIZSSzbBoD+6kjiISXjfYdwj1ZRQ81dz/w==

tslib@^2.4.0, tslib@^2.4.1, tslib@^2.8.1:
  version "2.8.1"
  resolved "https://registry.yarnpkg.com/tslib/-/tslib-2.8.1.tgz#612efe4ed235d567e8aba5f2a5fab70280ade83f"
  integrity sha512-oJFu94HQb+KVduSUQL7wnpmqnfmLsOA/nAh6b6EH0wCEoK0/mPeXU6c3wKDV83MkOuHPRHtSXKKU99IBazS/2w==

ws@8.18.3:
  version "8.18.3"
  resolved "https://registry.yarnpkg.com/ws/-/ws-8.18.3.tgz#b56b88abffde62791c639170400c93dcb0c95472"
  integrity sha512-PEIGCY5tSlUt50cqyMXfCzX+oOPqN0vuGqWzbcJ2xvnkzkq46oOpz7dQaTDBdfICb4N14+GARUDw2XV2N4tvzg==
